github.com/asaskevich/EventBus v0.0.0-20200907212545-49d423059eef h1:2JGTg6JapxP9/R33ZaagQtAM4EkkSYnIAlOG5EI8gkM=
github.com/asaskevich/EventBus v0.0.0-20200907212545-49d423059eef/go.mod h1:JS7hed4L1fj0hXcyEejnW57/7LCetXggd+vwrRnYeII=
github.com/gotk3/gotk3 v0.6.1 h1:GJ400a0ecEEWrzjBvzBzH+pB/esEMIGdB9zPSmBdoeo=
github.com/gotk3/gotk3 v0.6.1/go.mod h1:/hqFpkNa9T3JgNAE2fLvCdov7c5bw//FHNZrZ3Uv9/Q=
github.com/jdeng/goheif v0.0.0-20200323230657-a0d6a8b3e68f h1:jYkcRYsnnvPF07yn4XJx3k8duM4KDw3QYB3p8bUrk80=
github.com/jdeng/goheif v0.0.0-20200323230657-a0d6a8b3e68f/go.mod h1:G7IyA3/eR9IFmUIPdyP3c0l4ZaqEvXAk876WfaQ8plc=
